version = 1
revision = 3
requires-python = ">=3.12"

[[package]]
name = "darkdetect"
version = "0.7.1"
source = { registry = "https://pypi.org/simple" }
sdist = { url = "https://files.pythonhosted.org/packages/48/2e/346667de53b48417e6237efd9d076d6530c413666fcbc381adbfeff21ce7/darkdetect-0.7.1.tar.gz", hash = "sha256:47be3cf5134432ddb616bbffc927237718407914993c82809983e7ccebf49013", size = 6976, upload-time = "2022-07-18T21:10:27.64Z" }
wheels = [
    { url = "https://files.pythonhosted.org/packages/63/bd/b31abc8fcaab163e0b9501020309dd9094b47d609035a23e6ec0a0a8ba10/darkdetect-0.7.1-py2.py3-none-any.whl", hash = "sha256:3efe69f8ecd5f1b7f4fbb0d1d93f656b0e493c45cc49222380ffe2a529cbc866", size = 8199, upload-time = "2022-07-18T21:10:26.178Z" },
]

[[package]]
name = "fb-ai-sales"
version = "0.1.0"
source = { editable = "." }
dependencies = [
    { name = "playwright" },
    { name = "pyqtdarktheme" },
    { name = "pyside6" },
    { name = "qtawesome" },
]

[package.metadata]
requires-dist = [
    { name = "playwright", specifier = ">=1.61.0" },
    { name = "pyqtdarktheme", specifier = ">=2.1.0" },
    { name = "pyside6", specifier = ">=6.11.1" },
    { name = "qtawesome", specifier = ">=1.4.2" },
]

[[package]]
name = "greenlet"
version = "3.5.4"
source = { registry = "https://pypi.org/simple" }
sdist = { url = "https://files.pythonhosted.org/packages/a3/74/b13368064b09053253555d3f2839cc2684d22d5aed0d2ccffbf7a6736558/greenlet-3.5.4.tar.gz", hash = "sha256:0232ae1de90a8e07867bb127d7a6ba2301e859145489f25cda8a6096dabe1d20", size = 206538, upload-time = "2026-07-22T12:47:14.468Z" }
wheels = [
    { url = "https://files.pythonhosted.org/packages/f3/04/81bd731d6d1e3a469d9a4c36f5eb069bcf0cbb2d5d342c9fec22245b91fc/greenlet-3.5.4-cp312-cp312-macosx_11_0_universal2.whl", hash = "sha256:3d66250e8b09f182ede05490998c818b5961f7a3640332d44c4927caec7bbfe4", size = 295909, upload-time = "2026-07-22T11:38:09.261Z" },
    { url = "https://files.pythonhosted.org/packages/cc/dd/f5f22903a6ae70f5ea328ed0beaec92ad903f0e3b7d2845133b354abc4b8/greenlet-3.5.4-cp312-cp312-manylinux_2_24_aarch64.manylinux_2_28_aarch64.whl", hash = "sha256:c90e930c9c192e5b3ee9fb8bcd920ea3926155e2e3ded39fc697323addecee17", size = 612011, upload-time = "2026-07-22T12:26:40.69Z" },
    { url = "https://files.pythonhosted.org/packages/8e/10/92a4a88d12b915d74ea5b6d288e4afefda4771647caa34442c156f7a454f/greenlet-3.5.4-cp312-cp312-manylinux_2_24_ppc64le.manylinux_2_28_ppc64le.whl", hash = "sha256:791fdfeeb9c6e0c7b10fa151bf110d2a6974866f13dcb5b1c7efae698245893a", size = 624299, upload-time = "2026-07-22T12:29:02.089Z" },
    { url = "https://files.pythonhosted.org/packages/6c/f9/03e26be3487c5238e81f2b84714959a86ea8515a869828cf41f4fc54b34e/greenlet-3.5.4-cp312-cp312-manylinux_2_24_s390x.manylinux_2_28_s390x.whl", hash = "sha256:b7c895310363f310361e0fe2072af85269d2a2a285cd04c0c59e79a5e3670dcf", size = 629603, upload-time = "2026-07-22T12:43:43.456Z" },
    { url = "https://files.pythonhosted.org/packages/50/6d/0b14bb9db2989f32cd9fe7f76afedea01ee8bee3f87c07e69f24adfe7e63/greenlet-3.5.4-cp312-cp312-manylinux_2_24_x86_64.manylinux_2_28_x86_64.whl", hash = "sha256:f88193799d43dbf8c8a806d6405c9c52fe2af40bf75072a606357b33cc336c7f", size = 621541, upload-time = "2026-07-22T11:51:09.464Z" },
    { url = "https://files.pythonhosted.org/packages/57/6b/7c55ca72ef80d57c16c4a55210f82582622462dc4485799a30f4ec6f3372/greenlet-3.5.4-cp312-cp312-manylinux_2_39_riscv64.whl", hash = "sha256:13b980043cb1b3134e81ea469da1250ddcc6bfe6d245bbaa59168d9cdc8f228f", size = 432554, upload-time = "2026-07-22T12:39:51.379Z" },
    { url = "https://files.pythonhosted.org/packages/48/3d/25e9a2d9eb6b2e8b7ca4e80a3a26cb887cce6c8e0a87c921164f11bc5574/greenlet-3.5.4-cp312-cp312-musllinux_1_2_aarch64.whl", hash = "sha256:b7a5f095767c4493afcd06067f2bb3b8716e3f3f9e92b99c88e7e99f885b3d4d", size = 1581444, upload-time = "2026-07-22T12:25:03.818Z" },
    { url = "https://files.pythonhosted.org/packages/b9/96/4c9bf2e2c408dcc0556edce69efa9f802e82223573c53240136a086821f1/greenlet-3.5.4-cp312-cp312-musllinux_1_2_x86_64.whl", hash = "sha256:42afdc1ab5f66da8c586c32af9224a74a706b4f0ea0dc3a4188a0860a09c65c9", size = 1645842, upload-time = "2026-07-22T11:51:12.295Z" },
    { url = "https://files.pythonhosted.org/packages/b5/41/303ecb26a3a56122c0f4d4073ee078881847bd6b6f463ae0ec57ec20223b/greenlet-3.5.4-cp312-cp312-win_amd64.whl", hash = "sha256:60149df8f462d1b230038e6590c23c3b4768bb5d6c022b3b6e82532b34b0b8a3", size = 247169, upload-time = "2026-07-22T11:38:19.893Z" },
    { url = "https://files.pythonhosted.org/packages/a4/e3/ef56864b4c35fcb3eb3b41b869f6cc46f4cd3f5e2c68e74acde8ac433951/greenlet-3.5.4-cp312-cp312-win_arm64.whl", hash = "sha256:77d6ce04fed0d9aeed42e0f37923cc43eba9b027bdd9c34546bb4ccd143d0fe0", size = 245565, upload-time = "2026-07-22T11:38:27.061Z" },
    { url = "https://files.pythonhosted.org/packages/c0/9a/e51225dcd58713f16ccbdcc501a8da21098ea14515b7870f1f94459e5ff5/greenlet-3.5.4-cp313-cp313-macosx_11_0_universal2.whl", hash = "sha256:24e61b88cb7e1b1d794b32a10cc346ac779681d6d74ff137a3e0a444d2bf1f02", size = 294831, upload-time = "2026-07-22T11:38:53.389Z" },
    { url = "https://files.pythonhosted.org/packages/9f/ea/de50a50fadf979713ab18b46f22ad5ff5f2dcfc637a3ebdecf669801e1a5/greenlet-3.5.4-cp313-cp313-manylinux_2_24_aarch64.manylinux_2_28_aarch64.whl", hash = "sha256:870d730fec833f5a06906a32596cc099b9161594642a92a520b7a88911c95356", size = 614619, upload-time = "2026-07-22T12:26:42.282Z" },
    { url = "https://files.pythonhosted.org/packages/db/c7/2aae27fea41205b8650294c301f042a2a4bb6155eea48c995b890a92f2c1/greenlet-3.5.4-cp313-cp313-manylinux_2_24_ppc64le.manylinux_2_28_ppc64le.whl", hash = "sha256:ec5ff0d1878df6af3bf9b638a5a92a7d5693291de77c91bff10fa48519c604ef", size = 627021, upload-time = "2026-07-22T12:29:03.445Z" },
    { url = "https://files.pythonhosted.org/packages/1b/80/fb4d4788bbc8e54761f1fc88533af9523a6e86299fa113d6e8a8503ed9fc/greenlet-3.5.4-cp313-cp313-manylinux_2_24_s390x.manylinux_2_28_s390x.whl", hash = "sha256:07bd44616608d873d06735b63ef1a88191d6ca57c8d291d6559c71bc14c0893c", size = 632845, upload-time = "2026-07-22T12:43:45.19Z" },
    { url = "https://files.pythonhosted.org/packages/eb/56/79fd826f9ccaae0b84e1b4ef68dabba5e105bb044ffcd448a0b782fcba9a/greenlet-3.5.4-cp313-cp313-manylinux_2_24_x86_64.manylinux_2_28_x86_64.whl", hash = "sha256:d84d993f6e575c950d91a23c1345d18fe1a4310d447bf630849d7809196b52f0", size = 624002, upload-time = "2026-07-22T11:51:11.391Z" },
    { url = "https://files.pythonhosted.org/packages/42/e3/6086fa578ebb72772722cdc4bcd628459814b42e0c2db1e3cbd6552b3271/greenlet-3.5.4-cp313-cp313-manylinux_2_39_riscv64.whl", hash = "sha256:3529a8a933582ad19e224792cac7372489526576b75b4c124e8e4f29948f4861", size = 435053, upload-time = "2026-07-22T12:39:52.715Z" },
    { url = "https://files.pythonhosted.org/packages/0a/1a/27319f97e731298513dcba1a2e91b63e9d8811d9de22130f960b129b1bf1/greenlet-3.5.4-cp313-cp313-musllinux_1_2_aarch64.whl", hash = "sha256:58023945f421093de5e6fa108c0985a8659d43f49e0216da25099369a121bcbd", size = 1581533, upload-time = "2026-07-22T12:25:05.322Z" },
    { url = "https://files.pythonhosted.org/packages/b1/6d/24240bf562e9786dd2799ee0a4a4dadb4ded22510f41b20245099159ac8c/greenlet-3.5.4-cp313-cp313-musllinux_1_2_x86_64.whl", hash = "sha256:bae2728e1897aa8df8cb1af38cd48b3a743aefe29372de7b8b7a9f532501e69f", size = 1645781, upload-time = "2026-07-22T11:51:14.805Z" },
    { url = "https://files.pythonhosted.org/packages/c1/5a/442ab1a9ef7ca6bf7210e5397a95972206a91a31033a03c8900866a10039/greenlet-3.5.4-cp313-cp313-win_amd64.whl", hash = "sha256:ca5726c0b08ca35ae873557266a78b2c3f3b2b7d7401aa5ff886c2045dd0111c", size = 247133, upload-time = "2026-07-22T11:39:20.661Z" },
    { url = "https://files.pythonhosted.org/packages/3e/e6/9160210222386b1a378ff94db846b9508ca24a121cf684991561fdb69280/greenlet-3.5.4-cp313-cp313-win_arm64.whl", hash = "sha256:7c1303791d603080cac6fc3b34df51c3b75b723739c282c8029e48a0d241672f", size = 245500, upload-time = "2026-07-22T11:40:22.185Z" },
    { url = "https://files.pythonhosted.org/packages/a5/a7/6ab1d4f9cd548d15ab90da29947f2076100130bb179b0bde59f795a459e3/greenlet-3.5.4-cp314-cp314-macosx_11_0_universal2.whl", hash = "sha256:7e8afa5eac028f8140ceafe5ceec66e6aa127ddcb21452d2a564dcd2900b5f22", size = 295410, upload-time = "2026-07-22T11:40:35.747Z" },
    { url = "https://files.pythonhosted.org/packages/cd/7a/422f63b4715cbc0b24385305407adf38b48f6bb68b3e6b04090e994d0f5a/greenlet-3.5.4-cp314-cp314-manylinux_2_24_aarch64.manylinux_2_28_aarch64.whl", hash = "sha256:73b37afe369021423ea53dd3123e04bffa7e93ac64429b9f50835b2e4fcae7cf", size = 661286, upload-time = "2026-07-22T12:26:43.8Z" },
    { url = "https://files.pythonhosted.org/packages/d0/31/5a1cac663bf5582190c5a714ef81364f03cde232227f39748f8ae4c11da5/greenlet-3.5.4-cp314-cp314-manylinux_2_24_ppc64le.manylinux_2_28_ppc64le.whl", hash = "sha256:3ef964f56dfcb6f9bbef2a190d9126795eac408716aeae47b5e7c73c32aafca9", size = 673517, upload-time = "2026-07-22T12:29:04.815Z" },
    { url = "https://files.pythonhosted.org/packages/9c/bf/250c2921c7b585dde12f5239e313ca2dcbc464d161ecca36e4e6ef21762d/greenlet-3.5.4-cp314-cp314-manylinux_2_24_s390x.manylinux_2_28_s390x.whl", hash = "sha256:cef589bc65fae02d10bca2ac341191c5b33acc2967892ebf4fcbd10eabb7a74c", size = 677968, upload-time = "2026-07-22T12:43:46.788Z" },
    { url = "https://files.pythonhosted.org/packages/15/4a/2a82a1e3f8aaca020853ac8d12211280ca2b231aa08ea39f636f1060c319/greenlet-3.5.4-cp314-cp314-manylinux_2_24_x86_64.manylinux_2_28_x86_64.whl", hash = "sha256:9c53ff01a5c53a40f2c16820ebc56d7c61a77f5fbe009dadd96292d5682f80f8", size = 670917, upload-time = "2026-07-22T11:51:13.589Z" },
    { url = "https://files.pythonhosted.org/packages/18/40/10bfcf6513558d82f7b95dd728001c63bd388259fe27d3e30ae01f103430/greenlet-3.5.4-cp314-cp314-manylinux_2_39_riscv64.whl", hash = "sha256:dfc41ae893d9ceaf22c824f2153a88b30651b20e8758c2cd9ac143f23640563c", size = 480643, upload-time = "2026-07-22T12:39:54.149Z" },
    { url = "https://files.pythonhosted.org/packages/68/b0/e379a152b17bfdfa95795af4049e37c0fd1b4d81f020d426db104ed07c77/greenlet-3.5.4-cp314-cp314-musllinux_1_2_aarch64.whl", hash = "sha256:ecca4d80d55a01ad6b23b33262662956149fbb7b2c6be2910f1705921958cbf3", size = 1628478, upload-time = "2026-07-22T12:25:06.678Z" },
    { url = "https://files.pythonhosted.org/packages/5e/43/bffdfa64f7317f954c5c1230b5dd5922676ce198689a68c1ac1ed4b1b1a5/greenlet-3.5.4-cp314-cp314-musllinux_1_2_x86_64.whl", hash = "sha256:2ffbc533e0eaf8e80d8471411646ab88fe58f641d508c0b02b24494479f4d9ec", size = 1692021, upload-time = "2026-07-22T11:51:17.008Z" },
    { url = "https://files.pythonhosted.org/packages/d0/11/f799f9637e2c6e9b0b716015e339040598b058cf7654dfc0d67468b177ed/greenlet-3.5.4-cp314-cp314-win_amd64.whl", hash = "sha256:305f69e6c4523d7f6979ed001cff4e5853c063e5da04880296603aa0227e544c", size = 248031, upload-time = "2026-07-22T11:40:11.007Z" },
    { url = "https://files.pythonhosted.org/packages/05/75/625bcdd74d5e6b2dca1ecba3c3ac77bcf8a026c21a649a46cef23e421f97/greenlet-3.5.4-cp314-cp314-win_arm64.whl", hash = "sha256:f260930bbbbcf9caee661211235a5111c86dfe5832fdf6ae4570da1e0995320f", size = 246892, upload-time = "2026-07-22T11:40:27.357Z" },
    { url = "https://files.pythonhosted.org/packages/ec/69/35c62ed49c320cb4d98e14698ccca5467d3bfe683984172be9cb564d9ce3/greenlet-3.5.4-cp314-cp314t-macosx_11_0_universal2.whl", hash = "sha256:41ddab54e4b238f4a6c323f39b4e59e176affd5a94d461a9fb7583dac74240a3", size = 305571, upload-time = "2026-07-22T11:40:31.659Z" },
    { url = "https://files.pythonhosted.org/packages/5b/6c/64d60216b3640dcb0b62d913dd9e0d80030c09115bb2e4ba70c95d10ca45/greenlet-3.5.4-cp314-cp314t-manylinux_2_24_aarch64.manylinux_2_28_aarch64.whl", hash = "sha256:b3dabe3e2809013052c68bdf0b7fa5f5f2859c43a80803131ad61af9cabd7867", size = 672568, upload-time = "2026-07-22T12:26:45.298Z" },
    { url = "https://files.pythonhosted.org/packages/5c/de/ba3ab0a96292e53039530333b0d2ae18d9e508f3a325cd7bf15f8172944c/greenlet-3.5.4-cp314-cp314t-manylinux_2_24_ppc64le.manylinux_2_28_ppc64le.whl", hash = "sha256:27d3f00718634d4520a3a150154ac5da36f257869d41321953375b90bfbbc72c", size = 680076, upload-time = "2026-07-22T12:29:06.125Z" },
    { url = "https://files.pythonhosted.org/packages/ae/db/24a10af12bf8e639cec46c38b9ce1a282543ba42ff4fb0b31a970f1ab603/greenlet-3.5.4-cp314-cp314t-manylinux_2_24_s390x.manylinux_2_28_s390x.whl", hash = "sha256:39169a11d87a6a263afda3e9a27d1df16d0f919d40a4837cc73986c9884c0dd8", size = 681690, upload-time = "2026-07-22T12:43:48.109Z" },
    { url = "https://files.pythonhosted.org/packages/a5/be/aeada79083c6f1c15f45d77a332f9c441af263ee298e3eb17522cd337d22/greenlet-3.5.4-cp314-cp314t-manylinux_2_24_x86_64.manylinux_2_28_x86_64.whl", hash = "sha256:cbd60b5763c6543c1827e48faaf14ea9bfbad245f52b1a4d76a2a2d8884c6c66", size = 676733, upload-time = "2026-07-22T11:51:16.027Z" },
    { url = "https://files.pythonhosted.org/packages/f4/60/44a2eca7b9fd71ae0fae7ff184da1cd3169d176652b97aa1cffcbb0ef961/greenlet-3.5.4-cp314-cp314t-manylinux_2_39_riscv64.whl", hash = "sha256:bd3d1145f603b2db19feb9078c2e6855eb7c67e15580c010ed815cee519b86fd", size = 510263, upload-time = "2026-07-22T12:39:55.678Z" },
    { url = "https://files.pythonhosted.org/packages/e9/10/2392fc3a98948652ef5fd1e7275c04f861dd13f74b78a2b4309f4ee4d090/greenlet-3.5.4-cp314-cp314t-musllinux_1_2_aarch64.whl", hash = "sha256:f00f910f0e7b35416c63b23ad78b769aeccfc1775f712b43c4ee525624a2eef7", size = 1637327, upload-time = "2026-07-22T12:25:07.879Z" },
    { url = "https://files.pythonhosted.org/packages/55/c6/e7237a3dfa1f205ed0d9ea1e46d70bd2811b32d516266399fb59d28ab90a/greenlet-3.5.4-cp314-cp314t-musllinux_1_2_x86_64.whl", hash = "sha256:91c26423753b92caf41ab3f98fd547d7374d4d9fc2d85be041886c1579d9255e", size = 1697493, upload-time = "2026-07-22T11:51:19.214Z" },
    { url = "https://files.pythonhosted.org/packages/55/e3/4ba8154ba2a3d43729e499f72471b4b5c993f3826d3e24da81d5f06d6572/greenlet-3.5.4-cp314-cp314t-win_amd64.whl", hash = "sha256:ee032b91fd8ec29ec6c4cea2b8c561b178435134bd0752c7334b94e9c736c132", size = 251637, upload-time = "2026-07-22T11:40:37.44Z" },
    { url = "https://files.pythonhosted.org/packages/90/03/e3f96dfc100261a29545ddc8270cafe58f9195b6651466910e820910de77/greenlet-3.5.4-cp315-cp315-macosx_11_0_universal2.whl", hash = "sha256:178111881dd7a6c946471fda85485ec796e1043c2b939f694b096e2ecf986809", size = 296076, upload-time = "2026-07-22T11:39:38.364Z" },
    { url = "https://files.pythonhosted.org/packages/a4/3d/da52d208e5c977bce8667e784729e584e38b5785f4c1ec0f4c836e9a1c42/greenlet-3.5.4-cp315-cp315-manylinux_2_24_aarch64.manylinux_2_28_aarch64.whl", hash = "sha256:d92df08dd65fede97fc37aad36c2e9dcda3b31c467f8e0c2c096456cb818e927", size = 666870, upload-time = "2026-07-22T12:26:46.691Z" },
    { url = "https://files.pythonhosted.org/packages/2d/8a/7e6dee25cb8a8cf9b362c8e597cc269593378bd916f16c736c059a52e85a/greenlet-3.5.4-cp315-cp315-manylinux_2_24_ppc64le.manylinux_2_28_ppc64le.whl", hash = "sha256:99e8f8c4ebc4fd80aa26c1280ae9ad43a0976e786349703a181cf0bae60413e5", size = 677678, upload-time = "2026-07-22T12:29:07.508Z" },
    { url = "https://files.pythonhosted.org/packages/51/a7/dafc7415d430b0a43a16396eb49ecb3b62fd720877fb259cc4dcfaf5f31e/greenlet-3.5.4-cp315-cp315-manylinux_2_24_s390x.manylinux_2_28_s390x.whl", hash = "sha256:1f17e362d78e37559e0506c5a7d066bdd45073c36a0127a543e8a0df27242ff3", size = 681428, upload-time = "2026-07-22T12:43:49.623Z" },
    { url = "https://files.pythonhosted.org/packages/6c/21/5a38699fa45de749e3857d93b8f07e4c20489e77c2d35d915a2e1c456606/greenlet-3.5.4-cp315-cp315-manylinux_2_24_x86_64.manylinux_2_28_x86_64.whl", hash = "sha256:394de08dad5ffcb1f50c2159d93e398d9d2da3ed437645eaa54771fa720db9f0", size = 676067, upload-time = "2026-07-22T11:51:18.163Z" },
    { url = "https://files.pythonhosted.org/packages/2e/d9/6298f3432de301d4718766cf934bd73c418c73f81fbb77247319364b0d96/greenlet-3.5.4-cp315-cp315-manylinux_2_39_riscv64.whl", hash = "sha256:cd320d998cbaa032932830448e39abf3c6a12901295e386e8114db926e10cffb", size = 487446, upload-time = "2026-07-22T12:39:57.044Z" },
    { url = "https://files.pythonhosted.org/packages/5e/ba/863116ab8ff1ca7a729e327800268939d182db47aa433db70e216e7d9194/greenlet-3.5.4-cp315-cp315-musllinux_1_2_aarch64.whl", hash = "sha256:c883d61f2282d72c767a14936641b3efcbde9d82f1080712aaea0b1d3126cb88", size = 1633489, upload-time = "2026-07-22T12:25:09.605Z" },
    { url = "https://files.pythonhosted.org/packages/fa/06/7466ced82818d6132462d7f26b3f83c66ea15d2b193a6c0088d558ed7d95/greenlet-3.5.4-cp315-cp315-musllinux_1_2_x86_64.whl", hash = "sha256:2a924f15d17957e252a810acefcb5942f5ca712298e8b6fcaed9a307d357522c", size = 1696584, upload-time = "2026-07-22T11:51:21.304Z" },
    { url = "https://files.pythonhosted.org/packages/f9/4d/55b638489260065de9ffce606c8b5d04507bef705de4b212a0c3d6a1a0df/greenlet-3.5.4-cp315-cp315-win_amd64.whl", hash = "sha256:ed17e5f3420360d5b459de8462efb52060399a5326a613d4cde31cef63ef95da", size = 248297, upload-time = "2026-07-22T11:42:04.055Z" },
    { url = "https://files.pythonhosted.org/packages/bb/08/9dd4ae635da93d41dc268bc34bd62a9d711ed8b8825c5d22ac910c7d6e6d/greenlet-3.5.4-cp315-cp315-win_arm64.whl", hash = "sha256:f908898d6fa484ce4b6f447ce70ea99b52c503fee419e53cf74d60a16bc9e667", size = 247423, upload-time = "2026-07-22T11:44:00.764Z" },
    { url = "https://files.pythonhosted.org/packages/19/66/7c87ed9cdbf1d49c2c6cd1c7b9dd4d16c33b24235ca03972293a1876b30c/greenlet-3.5.4-cp315-cp315t-macosx_11_0_universal2.whl", hash = "sha256:1833637f17d5e7472548a48575c394fe39f1b1890d676d162d86593610f44d8c", size = 306487, upload-time = "2026-07-22T11:41:25.118Z" },
    { url = "https://files.pythonhosted.org/packages/5b/05/0a4201e7c0054866eefc05da234f236dd4c950d0fbf9ca0517141f01b269/greenlet-3.5.4-cp315-cp315t-manylinux_2_24_aarch64.manylinux_2_28_aarch64.whl", hash = "sha256:12cda9122e03341f1cb6b8207a19d7a9d375e52f1b4e9243918375f40fd7b4b9", size = 676479, upload-time = "2026-07-22T12:26:48.129Z" },
    { url = "https://files.pythonhosted.org/packages/3d/c0/4b6b8c5a3aec70f0649cd89662d120fdd6421e2bdc8e3b15c3ab5ec568d8/greenlet-3.5.4-cp315-cp315t-manylinux_2_24_ppc64le.manylinux_2_28_ppc64le.whl", hash = "sha256:d83ae0e32d14957ab7170785a20f582635c8474deab1bfbb552b17e769a6ce25", size = 684321, upload-time = "2026-07-22T12:29:08.925Z" },
    { url = "https://files.pythonhosted.org/packages/88/15/0b167aeea95285b0e654ddce651922f666c089363c2ec528ca8b9a9ba74f/greenlet-3.5.4-cp315-cp315t-manylinux_2_24_s390x.manylinux_2_28_s390x.whl", hash = "sha256:123aa379c962ed5fe90a880327e0c3066124ac64ec99e12a238be9fd8eb3db3d", size = 685995, upload-time = "2026-07-22T12:43:50.993Z" },
    { url = "https://files.pythonhosted.org/packages/24/c9/b49c31c9a972eee91e260445770e922244a7efc542697f51a012ec046d0f/greenlet-3.5.4-cp315-cp315t-manylinux_2_24_x86_64.manylinux_2_28_x86_64.whl", hash = "sha256:9f1467de1bb767f75db0aa34c195e3a496d8d1278c796e70c24ce205d3e99cde", size = 681293, upload-time = "2026-07-22T11:51:20.43Z" },
    { url = "https://files.pythonhosted.org/packages/de/90/c023ec337f32ff505be7db759c80d98f0532bb94d0c6fa13645efe9bee2e/greenlet-3.5.4-cp315-cp315t-manylinux_2_39_riscv64.whl", hash = "sha256:adf2244d7f69409925a8f22ed22cc5f93cdfe5c9dc87ff3476be2c2aaae61a05", size = 516928, upload-time = "2026-07-22T12:39:58.359Z" },
    { url = "https://files.pythonhosted.org/packages/95/6f/7f2d4653770500eee667866016d42d7a68e3d3462f80df6b8e3fcd48a0eb/greenlet-3.5.4-cp315-cp315t-musllinux_1_2_aarch64.whl", hash = "sha256:0fa53040b78b578120eecdc0265e3f1051487cc425d11a2b7c761daadf4feaa8", size = 1642474, upload-time = "2026-07-22T12:25:10.819Z" },
    { url = "https://files.pythonhosted.org/packages/5a/d8/8cba31036a4caae448087ba5d150660ab03b4a0f54d9150f6495a3be7262/greenlet-3.5.4-cp315-cp315t-musllinux_1_2_x86_64.whl", hash = "sha256:60e0bc961d367df506660e9ac0177a76bc6d81305300704b0977d1634f76efe2", size = 1701012, upload-time = "2026-07-22T11:51:23.17Z" },
    { url = "https://files.pythonhosted.org/packages/e3/cd/3f77a4cce3bae631b08eb52f53a82a976669600337e21dfdba811cb50267/greenlet-3.5.4-cp315-cp315t-win_amd64.whl", hash = "sha256:f680e549edb3eaf21eea4e7fe101e15ec180c74b7879ab46adc080f22d4015d2", size = 251977, upload-time = "2026-07-22T11:41:38.125Z" },
    { url = "https://files.pythonhosted.org/packages/93/e8/65e8707d00fe2a49bf12f609a9b2b39ba6dd23c2810eacad877c4fc94bfe/greenlet-3.5.4-cp315-cp315t-win_arm64.whl", hash = "sha256:08fc36de8442d5c3e95b044550dbea9bf144d31ec0cc58e36fb241cb6ef6a994", size = 250538, upload-time = "2026-07-22T11:40:17.985Z" },
]

[[package]]
name = "packaging"
version = "26.2"
source = { registry = "https://pypi.org/simple" }
sdist = { url = "https://files.pythonhosted.org/packages/d7/f1/e7a6dd94a8d4a5626c03e4e99c87f241ba9e350cd9e6d75123f992427270/packaging-26.2.tar.gz", hash = "sha256:ff452ff5a3e828ce110190feff1178bb1f2ea2281fa2075aadb987c2fb221661", size = 228134, upload-time = "2026-04-24T20:15:23.917Z" }
wheels = [
    { url = "https://files.pythonhosted.org/packages/df/b2/87e62e8c3e2f4b32e5fe99e0b86d576da1312593b39f47d8ceef365e95ed/packaging-26.2-py3-none-any.whl", hash = "sha256:5fc45236b9446107ff2415ce77c807cee2862cb6fac22b8a73826d0693b0980e", size = 100195, upload-time = "2026-04-24T20:15:22.081Z" },
]

[[package]]
name = "playwright"
version = "1.61.0"
source = { registry = "https://pypi.org/simple" }
dependencies = [
    { name = "greenlet" },
    { name = "pyee" },
]
wheels = [
    { url = "https://files.pythonhosted.org/packages/44/ee/31e4e0db36588b817a10b299a0285082545fde7d36543c2abe498bb3d61a/playwright-1.61.0-py3-none-macosx_10_13_x86_64.whl", hash = "sha256:ff138c3a604f69911e9d42fd036e55c2a171e5616edf04c1e7f60a2a285540b0", size = 43421877, upload-time = "2026-06-29T10:32:48.428Z" },
    { url = "https://files.pythonhosted.org/packages/42/35/71395dd3ecc798965be4a3ef8c443217d4abca168e7cb34536304f9489e6/playwright-1.61.0-py3-none-macosx_11_0_arm64.whl", hash = "sha256:009588c2a7e499bc5a8b425b61fa65490968bbda9cd69e0cf2cff10f8304659a", size = 42205016, upload-time = "2026-06-29T10:32:52.104Z" },
    { url = "https://files.pythonhosted.org/packages/f4/44/323164cf5cd1647bdefce76ffce27651aadb959d089b48f53ea40918276e/playwright-1.61.0-py3-none-macosx_11_0_universal2.whl", hash = "sha256:9f7de4536088d12037c13a52b7ea34b59270b78926bb56935070597ffac6b1af", size = 43421884, upload-time = "2026-06-29T10:32:55.773Z" },
    { url = "https://files.pythonhosted.org/packages/ab/f8/a35bf179e4ba2522c1893635094a64e407572547bd61528820fc0abc87fe/playwright-1.61.0-py3-none-manylinux1_x86_64.whl", hash = "sha256:54f3b39f6eab832e33458c1dd7da0b5682aedab3b09ae731b5c59fa12fd2024e", size = 47421381, upload-time = "2026-06-29T10:32:59.903Z" },
    { url = "https://files.pythonhosted.org/packages/b7/eb/e3f922348ec17c315f98c463f72faa1181a1c3de0bfe31a8d2edf6561723/playwright-1.61.0-py3-none-manylinux_2_17_aarch64.manylinux2014_aarch64.whl", hash = "sha256:93454322ade8c11d5d6c211bfd91bdfb9ffb4810e3e026371bcbc4bec1b7ee4c", size = 47120545, upload-time = "2026-06-29T10:33:03.574Z" },
    { url = "https://files.pythonhosted.org/packages/c2/a6/5be4e52b40a9c0c8a073e7c5b0785c05cf5a9ea8f8a7b5b260e32d970342/playwright-1.61.0-py3-none-win32.whl", hash = "sha256:372d55a6f1248fa1dd47599686980cb8fb5bbe6fcda59eab793eb657c11d8a9b", size = 37844841, upload-time = "2026-06-29T10:33:07.361Z" },
    { url = "https://files.pythonhosted.org/packages/6c/fd/2b78036e5fbe9d5f5645bbe08a1eac7160c51243c0093963edbcf67c35d9/playwright-1.61.0-py3-none-win_amd64.whl", hash = "sha256:35c6cc4589a5d00964a59d7b3e59641e0aac0c02f15479a7af77d20f6bc79597", size = 37844846, upload-time = "2026-06-29T10:33:10.637Z" },
    { url = "https://files.pythonhosted.org/packages/27/0d/1b0f3c4ee4eb0514bc805b5c2f9a223e5b6de4f11a926f5235d51d0fc81b/playwright-1.61.0-py3-none-win_arm64.whl", hash = "sha256:e9fcbffcf557a8620fdedd92491eb59a32d18e23d6f3b4f6214b952be324fe51", size = 33955127, upload-time = "2026-06-29T10:33:14.008Z" },
]

[[package]]
name = "pyee"
version = "13.0.1"
source = { registry = "https://pypi.org/simple" }
dependencies = [
    { name = "typing-extensions" },
]
sdist = { url = "https://files.pythonhosted.org/packages/8b/04/e7c1fe4dc78a6fdbfd6c337b1c3732ff543b8a397683ab38378447baa331/pyee-13.0.1.tar.gz", hash = "sha256:0b931f7c14535667ed4c7e0d531716368715e860b988770fc7eb8578d1f67fc8", size = 31655, upload-time = "2026-02-14T21:12:28.044Z" }
wheels = [
    { url = "https://files.pythonhosted.org/packages/a0/c4/b4d4827c93ef43c01f599ef31453ccc1c132b353284fc6c87d535c233129/pyee-13.0.1-py3-none-any.whl", hash = "sha256:af2f8fede4171ef667dfded53f96e2ed0d6e6bd7ee3bb46437f77e3b57689228", size = 15659, upload-time = "2026-02-14T21:12:26.263Z" },
]

[[package]]
name = "pyqtdarktheme"
version = "2.1.0"
source = { registry = "https://pypi.org/simple" }
dependencies = [
    { name = "darkdetect" },
]
sdist = { url = "https://files.pythonhosted.org/packages/5c/f1/786feaad7a333072b34a913dbe38aef94b5ae43ad188934f5d70007aea79/pyqtdarktheme-2.1.0.tar.gz", hash = "sha256:5f8274ddfa3a5481ed9743cdb0f9debfeb7ff695b3a0d202a8104361d17dadb8", size = 42186, upload-time = "2022-12-25T08:33:11.662Z" }
wheels = [
    { url = "https://files.pythonhosted.org/packages/12/cd/8ce0ac84e9f68dc549edcc5cbdeac7511439c5f7ee6c05f1f8826ef05d44/pyqtdarktheme-2.1.0-py3-none-any.whl", hash = "sha256:8739d99502230fbaca42551ea033c9ae31c81c4ebfec2f1ffde38f32a18bea7a", size = 54242, upload-time = "2022-12-25T08:33:10.125Z" },
]

[[package]]
name = "pyside6"
version = "6.11.1"
source = { registry = "https://pypi.org/simple" }
dependencies = [
    { name = "pyside6-addons" },
    { name = "pyside6-essentials" },
    { name = "shiboken6" },
]
wheels = [
    { url = "https://files.pythonhosted.org/packages/da/a6/27ba5947ed48918f7b74b7c43a1e280aac069e36f25adeb4c9adfac835c4/pyside6-6.11.1-cp310-abi3-macosx_13_0_universal2.whl", hash = "sha256:537682c3b7530817203e667c1f5a2f00486b37bf52c52eeab438544c7a0917f6", size = 571921, upload-time = "2026-05-13T09:47:36.402Z" },
    { url = "https://files.pythonhosted.org/packages/d8/de/af89d71410c83b10654d86ff9aff2a4f87c30163658f1cc145242e222526/pyside6-6.11.1-cp310-abi3-manylinux_2_34_x86_64.whl", hash = "sha256:b1fc521ba2bb5109425ab8add06bddbdd524abcad06cfa012cc39a22a189feb2", size = 572102, upload-time = "2026-05-13T09:47:38.249Z" },
    { url = "https://files.pythonhosted.org/packages/b6/0e/d583bd3f7bf5046a4497b36f3902cfb64aa29554489a5a25c18e6b4ac0ac/pyside6-6.11.1-cp310-abi3-manylinux_2_39_aarch64.whl", hash = "sha256:75f0005c3eb95c07cfb65522ec50d0815ac007a96482c21dc3cb4b4c04895d84", size = 572098, upload-time = "2026-05-13T09:47:39.44Z" },
    { url = "https://files.pythonhosted.org/packages/57/f2/d9d8ce1373dabb37e5919f63cd18446556079631d3f2eea3ada03c29f6b8/pyside6-6.11.1-cp310-abi3-win_amd64.whl", hash = "sha256:0968877ab1fb4ef3587a284da6fe05e8647ada56a6a3750b6395188e01f4aba6", size = 578377, upload-time = "2026-05-13T09:47:40.76Z" },
    { url = "https://files.pythonhosted.org/packages/96/02/a6057d8bd2bdb1940820fff2d627fdf4013148c9c57adf69fa40d3452ac3/pyside6-6.11.1-cp310-abi3-win_arm64.whl", hash = "sha256:acee467cb5f256cc47ebb9d815a054c1d8416da380c191b247a76d164aa3f805", size = 561765, upload-time = "2026-05-13T09:47:41.9Z" },
]

[[package]]
name = "pyside6-addons"
version = "6.11.1"
source = { registry = "https://pypi.org/simple" }
dependencies = [
    { name = "pyside6-essentials" },
    { name = "shiboken6" },
]
wheels = [
    { url = "https://files.pythonhosted.org/packages/3f/6b/8bc94aff48b63f788f2d84e5467c12362d68906ba742c0942f46cb04c879/pyside6_addons-6.11.1-cp310-abi3-macosx_13_0_universal2.whl", hash = "sha256:54733c77f789bef5f03c6aff4ad3bec8b2eff021f0cfcbc53d5e6c250ded24f9", size = 331714589, upload-time = "2026-05-13T09:39:12.36Z" },
    { url = "https://files.pythonhosted.org/packages/dd/62/fb1428a523b2a4541e232aab50d9e789e6b4526f37fd9593452a7ea5b6b3/pyside6_addons-6.11.1-cp310-abi3-manylinux_2_34_x86_64.whl", hash = "sha256:8e6c65fbd73a512d6f72cda8d8277444a85a34dc99dd1dae9c21d35b8671bb1f", size = 175063224, upload-time = "2026-05-13T09:39:34.185Z" },
    { url = "https://files.pythonhosted.org/packages/ee/9b/2ccd52f66db55c06de65d0501170a1935d04d64d0a230c0d892284a02ce3/pyside6_addons-6.11.1-cp310-abi3-manylinux_2_39_aarch64.whl", hash = "sha256:bf1c6c4e954e5eba3d2a7c661ad4b9689e8f09c7f4a16bdf29713371d11af993", size = 170553429, upload-time = "2026-05-13T09:39:54.424Z" },
    { url = "https://files.pythonhosted.org/packages/9a/bd/8adc4d350b3b363f3dfc8fccdcf5bfed25f7e36c2fff30c64e106f4f1572/pyside6_addons-6.11.1-cp310-abi3-win_amd64.whl", hash = "sha256:0d13c4dfd671b050a48e4f8d8ddc724b7248f9c0437e7fc47fdf316278572923", size = 168816308, upload-time = "2026-05-13T09:40:13.541Z" },
    { url = "https://files.pythonhosted.org/packages/65/b7/9a840d97f0f0f04e372a87e205dd30ee285b4e3b021b188459a917c9dc76/pyside6_addons-6.11.1-cp310-abi3-win_arm64.whl", hash = "sha256:3494f480dee92f415be2f2d989c0b3f4755ac332b28045cbf4ba0f5c5a22ba37", size = 35759347, upload-time = "2026-05-13T09:40:21.199Z" },
]

[[package]]
name = "pyside6-essentials"
version = "6.11.1"
source = { registry = "https://pypi.org/simple" }
dependencies = [
    { name = "shiboken6" },
]
wheels = [
    { url = "https://files.pythonhosted.org/packages/b3/da/10d9197e7370eb4fed8df5fc547b7548dec88e5c5949e2d450db4ae96feb/pyside6_essentials-6.11.1-cp310-abi3-macosx_13_0_universal2.whl", hash = "sha256:228de53c2bc26b07e5021fbe3614fc44ca08e4dab9999af08c2b389d2c239957", size = 110352945, upload-time = "2026-05-13T09:43:08.006Z" },
    { url = "https://files.pythonhosted.org/packages/5c/49/0e1237c4400bec7e335d2c4eeb49bc40d9fd88a9ac44ca9083ce1abdc308/pyside6_essentials-6.11.1-cp310-abi3-manylinux_2_34_x86_64.whl", hash = "sha256:e3ef7027b41e4e55fadb56e3b3257dc8ee92154b639fe67fc4c8e05e9d976c60", size = 79908535, upload-time = "2026-05-13T09:43:24.836Z" },
    { url = "https://files.pythonhosted.org/packages/4c/c5/da4c5f23c6540ac5211a1f60177c8dee84b1bf40f2719479587ab8c60731/pyside6_essentials-6.11.1-cp310-abi3-manylinux_2_39_aarch64.whl", hash = "sha256:a039b6da68a3a4b9d243217b2b98d475eed3f617159ef6be925badab53c11b0d", size = 78960051, upload-time = "2026-05-13T09:43:35.423Z" },
    { url = "https://files.pythonhosted.org/packages/64/0e/b663ecc96ca57b5c91b83b6615d6b174380b0faf30338125c26e053d6aa7/pyside6_essentials-6.11.1-cp310-abi3-win_amd64.whl", hash = "sha256:63311bd48e32c584599ab04b9ef7c324082374cd2c9fa533f978fb893bb47e40", size = 77549267, upload-time = "2026-05-13T09:43:44.92Z" },
    { url = "https://files.pythonhosted.org/packages/f1/12/eb6723faf5cb7fa581145da1c15f40d641b96e080f0491af2f1859fdeedb/pyside6_essentials-6.11.1-cp310-abi3-win_arm64.whl", hash = "sha256:11253ea52aabecefe9febddbbe78b43a824129e3af1cec98431028fba7fa954f", size = 57964512, upload-time = "2026-05-13T09:43:52.968Z" },
]

[[package]]
name = "qtawesome"
version = "1.4.2"
source = { registry = "https://pypi.org/simple" }
dependencies = [
    { name = "qtpy" },
]
sdist = { url = "https://files.pythonhosted.org/packages/cf/bc/475c8df94de4f358bbf7703747c13b16ae3c0c4cda50d5243b99cb45e2a8/qtawesome-1.4.2.tar.gz", hash = "sha256:b2bf9351beb335095006892796f072ffd9755a2d7e5113dc71918dcd9ba4ef4a", size = 2614207, upload-time = "2026-04-10T18:49:46.037Z" }
wheels = [
    { url = "https://files.pythonhosted.org/packages/25/b1/da1d826ccc9258674b26dd0abcbbb1c55cab06e7fbf2697518b67edc79fc/qtawesome-1.4.2-py3-none-any.whl", hash = "sha256:dbf08524428fa2df73918ce362153254cd44f089380576d84bfaad8f40eece45", size = 2593557, upload-time = "2026-04-10T18:49:44.219Z" },
]

[[package]]
name = "qtpy"
version = "2.4.3"
source = { registry = "https://pypi.org/simple" }
dependencies = [
    { name = "packaging" },
]
sdist = { url = "https://files.pythonhosted.org/packages/70/01/392eba83c8e47b946b929d7c46e0f04b35e9671f8bb6fc36b6f7945b4de8/qtpy-2.4.3.tar.gz", hash = "sha256:db744f7832e6d3da90568ba6ccbca3ee2b3b4a890c3d6fbbc63142f6e4cdf5bb", size = 66982, upload-time = "2025-02-11T15:09:25.759Z" }
wheels = [
    { url = "https://files.pythonhosted.org/packages/69/76/37c0ccd5ab968a6a438f9c623aeecc84c202ab2fabc6a8fd927580c15b5a/QtPy-2.4.3-py3-none-any.whl", hash = "sha256:72095afe13673e017946cc258b8d5da43314197b741ed2890e563cf384b51aa1", size = 95045, upload-time = "2025-02-11T15:09:24.162Z" },
]

[[package]]
name = "shiboken6"
version = "6.11.1"
source = { registry = "https://pypi.org/simple" }
wheels = [
    { url = "https://files.pythonhosted.org/packages/17/f3/f2b63df0251e7cd3172ea28e32ede52739de9566bcefcd0178681538ac81/shiboken6-6.11.1-cp310-abi3-macosx_13_0_universal2.whl", hash = "sha256:1a16867f103ef1c662a5f09dfed03273a9f81688b174555162c58e83650a3f02", size = 476874, upload-time = "2026-05-13T09:47:01.091Z" },
    { url = "https://files.pythonhosted.org/packages/c7/9b/e0355d8897b5c150770f1d95718aad17d432fcc9c035c04f3f58427d4693/shiboken6-6.11.1-cp310-abi3-manylinux_2_34_x86_64.whl", hash = "sha256:9a8bccfafc8805254cabcfa1edfaf55cd52889f4998c91ad0d9a4433fb1bcdbe", size = 272222, upload-time = "2026-05-13T09:47:02.653Z" },
    { url = "https://files.pythonhosted.org/packages/57/d5/dd4f1defed400be03340f2ede34b61f846776650b4e7ed9ebaf4c71979a2/shiboken6-6.11.1-cp310-abi3-manylinux_2_39_aarch64.whl", hash = "sha256:1bd2f4314414df2d122d9f646e03b731bc6d6b5f77a5f53f99a4fe4e97d84e6f", size = 270350, upload-time = "2026-05-13T09:47:04.02Z" },
    { url = "https://files.pythonhosted.org/packages/52/b5/3f6fb2ee65b534193fb4ef713dd619dc31dadff5d12c16979a7699ad58be/shiboken6-6.11.1-cp310-abi3-win_amd64.whl", hash = "sha256:c2c6863aa80ec18c0f82cea3417837b279cdc60024ac17123461dc9042577df7", size = 1223647, upload-time = "2026-05-13T09:47:05.924Z" },
    { url = "https://files.pythonhosted.org/packages/98/d1/f15ca0e1666faae02c945f48e745ea35f8fcd8243b176109b4e2c4251f47/shiboken6-6.11.1-cp310-abi3-win_arm64.whl", hash = "sha256:7c8d9af17db4495d4fa5b1c393f218311c4855546b9dfa6a0bd21bcd66b55e9d", size = 1784170, upload-time = "2026-05-13T09:47:07.617Z" },
]

[[package]]
name = "typing-extensions"
version = "4.16.0"
source = { registry = "https://pypi.org/simple" }
sdist = { url = "https://files.pythonhosted.org/packages/f6/cc/6253133b5bb138fc3306cebfbda2c520f545d36b5be2c7255cc528bb45d6/typing_extensions-4.16.0.tar.gz", hash = "sha256:dc983d19a509c94dba722ee6abd33940f7c05a89e243c47e907eb4db6f1a43e5", size = 113555, upload-time = "2026-07-02T08:40:05.92Z" }
wheels = [
    { url = "https://files.pythonhosted.org/packages/49/d3/b8441a820a491ddfc024b0b0cf0393375b75ea13866d9c66727e54c2fc80/typing_extensions-4.16.0-py3-none-any.whl", hash = "sha256:481caa481374e813c1b176ada14e97f1f67a4539ce9cfeb3f350d78d6370c2e8", size = 45571, upload-time = "2026-07-02T08:40:04.659Z" },
]
